
Microsoft Visual Studio Solution File, Format Version 12.00
# Visual Studio Version 16
VisualStudioVersion = 16.0.30011.22
MinimumVisualStudioVersion = 10.0.40219.1
Project("{FAE04EC0-301F-11D3-BF4B-00C04F79EFBC}") = "WaterLevelController", "WaterLevelController\WaterLevelController.csproj", "{517A643D-BED0-4FDF-A435-E7F8F1FE159C}"
EndProject
Project("{FAE04EC0-301F-11D3-BF4B-00C04F79EFBC}") = "WaterLevelControllerClient", "WaterLevelControllerClient\WaterLevelControllerClient.csproj", "{A4F136CA-52CB-4226-9845-3CADEC45EE72}"
EndProject
Global
	GlobalSection(SolutionConfigurationPlatforms) = preSolution
		Debug|Any CPU = Debug|Any CPU
		Release|Any CPU = Release|Any CPU
	EndGlobalSection
	GlobalSection(ProjectConfigurationPlatforms) = postSolution
		{517A643D-BED0-4FDF-A435-E7F8F1FE159C}.Debug|Any CPU.ActiveCfg = Debug|Any CPU
		{517A643D-BED0-4FDF-A435-E7F8F1FE159C}.Debug|Any CPU.Build.0 = Debug|Any CPU
		{517A643D-BED0-4FDF-A435-E7F8F1FE159C}.Release|Any CPU.ActiveCfg = Release|Any CPU
		{517A643D-BED0-4FDF-A435-E7F8F1FE159C}.Release|Any CPU.Build.0 = Release|Any CPU
		{A4F136CA-52CB-4226-9845-3CADEC45EE72}.Debug|Any CPU.ActiveCfg = Debug|Any CPU
		{A4F136CA-52CB-4226-9845-3CADEC45EE72}.Debug|Any CPU.Build.0 = Debug|Any CPU
		{A4F136CA-52CB-4226-9845-3CADEC45EE72}.Release|Any CPU.ActiveCfg = Release|Any CPU
		{A4F136CA-52CB-4226-9845-3CADEC45EE72}.Release|Any CPU.Build.0 = Release|Any CPU
	EndGlobalSection
	GlobalSection(SolutionProperties) = preSolution
		HideSolutionNode = FALSE
	EndGlobalSection
	GlobalSection(ExtensibilityGlobals) = postSolution
		SolutionGuid = {771131CC-0A9F-4194-989B-E5A59D8567E4}
	EndGlobalSection
EndGlobal
